
Microsoft Visual Studio Solution File, Format Version 12.00
# Visual Studio Version 17
VisualStudioVersion = 17.9.34728.123
MinimumVisualStudioVersion = 10.0.40219.1
Project("{FAE04EC0-301F-11D3-BF4B-00C04F79EFBC}") = "BlazorApp1", "BlazorApp1\BlazorApp1.csproj", "{01C74D8F-9784-4BA0-B2DC-5DEE5CCE425C}"
EndProject
Global
	GlobalSection(SolutionConfigurationPlatforms) = preSolution
		Debug|Any CPU = Debug|Any CPU
		Release|Any CPU = Release|Any CPU
	EndGlobalSection
	GlobalSection(ProjectConfigurationPlatforms) = postSolution
		{01C74D8F-9784-4BA0-B2DC-5DEE5CCE425C}.Debug|Any CPU.ActiveCfg = Debug|Any CPU
		{01C74D8F-9784-4BA0-B2DC-5DEE5CCE425C}.Debug|Any CPU.Build.0 = Debug|Any CPU
		{01C74D8F-9784-4BA0-B2DC-5DEE5CCE425C}.Release|Any CPU.ActiveCfg = Release|Any CPU
		{01C74D8F-9784-4BA0-B2DC-5DEE5CCE425C}.Release|Any CPU.Build.0 = Release|Any CPU
	EndGlobalSection
	GlobalSection(SolutionProperties) = preSolution
		HideSolutionNode = FALSE
	EndGlobalSection
	GlobalSection(ExtensibilityGlobals) = postSolution
		SolutionGuid = {7E0A7A11-8AB1-473A-B258-8E5E4946F614}
	EndGlobalSection
EndGlobal
